
Microsoft Visual Studio Solution File, Format Version 12.00
# Visual Studio Version 16
VisualStudioVersion = 16.0.30709.132
MinimumVisualStudioVersion = 10.0.40219.1
Project("{FAE04EC0-301F-11D3-BF4B-00C04F79EFBC}") = "specflow_table_generator", "specflow_table_generator.csproj", "{517C34BD-9591-4573-AB1F-A2AE5F5CDCF9}"
EndProject
Global
	GlobalSection(SolutionConfigurationPlatforms) = preSolution
		Debug|Any CPU = Debug|Any CPU
		Release|Any CPU = Release|Any CPU
	EndGlobalSection
	GlobalSection(ProjectConfigurationPlatforms) = postSolution
		{517C34BD-9591-4573-AB1F-A2AE5F5CDCF9}.Debug|Any CPU.ActiveCfg = Debug|Any CPU
		{517C34BD-9591-4573-AB1F-A2AE5F5CDCF9}.Debug|Any CPU.Build.0 = Debug|Any CPU
		{517C34BD-9591-4573-AB1F-A2AE5F5CDCF9}.Release|Any CPU.ActiveCfg = Release|Any CPU
		{517C34BD-9591-4573-AB1F-A2AE5F5CDCF9}.Release|Any CPU.Build.0 = Release|Any CPU
	EndGlobalSection
	GlobalSection(SolutionProperties) = preSolution
		HideSolutionNode = FALSE
	EndGlobalSection
	GlobalSection(ExtensibilityGlobals) = postSolution
		SolutionGuid = {97371E6A-7226-4DC3-9B13-43874F30B941}
	EndGlobalSection
EndGlobal
